
Microsoft Visual Studio Solution File, Format Version 12.00
# Visual Studio 15
VisualStudioVersion = 15.0.27703.2026
MinimumVisualStudioVersion = 10.0.40219.1
Project("{FAE04EC0-301F-11D3-BF4B-00C04F79EFBC}") = "Vega", "Vega\Vega.csproj", "{A81E8E6A-7BCC-4742-B7DE-BEDA0E8E9C7C}"
EndProject
Global
	GlobalSection(SolutionConfigurationPlatforms) = preSolution
		Debug|Any CPU = Debug|Any CPU
		Release|Any CPU = Release|Any CPU
	EndGlobalSection
	GlobalSection(ProjectConfigurationPlatforms) = postSolution
		{A81E8E6A-7BCC-4742-B7DE-BEDA0E8E9C7C}.Debug|Any CPU.ActiveCfg = Debug|Any CPU
		{A81E8E6A-7BCC-4742-B7DE-BEDA0E8E9C7C}.Debug|Any CPU.Build.0 = Debug|Any CPU
		{A81E8E6A-7BCC-4742-B7DE-BEDA0E8E9C7C}.Release|Any CPU.ActiveCfg = Release|Any CPU
		{A81E8E6A-7BCC-4742-B7DE-BEDA0E8E9C7C}.Release|Any CPU.Build.0 = Release|Any CPU
	EndGlobalSection
	GlobalSection(SolutionProperties) = preSolution
		HideSolutionNode = FALSE
	EndGlobalSection
	GlobalSection(ExtensibilityGlobals) = postSolution
		SolutionGuid = {C7706F7B-FB8E-4C81-9DDA-8A7B6541B15F}
	EndGlobalSection
EndGlobal
